
Microsoft Visual Studio Solution File, Format Version 12.00
# Visual Studio Version 16
VisualStudioVersion = 16.0.31112.23
MinimumVisualStudioVersion = 10.0.40219.1
Project("{FAE04EC0-301F-11D3-BF4B-00C04F79EFBC}") = "ShekelGroup_Amit_Dahari", "ShekelGroup_Amit_Dahari\ShekelGroup_Amit_Dahari.csproj", "{FC00E06B-74E8-489D-BDA4-599DEA5BA8F8}"
EndProject
Global
	GlobalSection(SolutionConfigurationPlatforms) = preSolution
		Debug|Any CPU = Debug|Any CPU
		Release|Any CPU = Release|Any CPU
	EndGlobalSection
	GlobalSection(ProjectConfigurationPlatforms) = postSolution
		{FC00E06B-74E8-489D-BDA4-599DEA5BA8F8}.Debug|Any CPU.ActiveCfg = Debug|Any CPU
		{FC00E06B-74E8-489D-BDA4-599DEA5BA8F8}.Debug|Any CPU.Build.0 = Debug|Any CPU
		{FC00E06B-74E8-489D-BDA4-599DEA5BA8F8}.Release|Any CPU.ActiveCfg = Release|Any CPU
		{FC00E06B-74E8-489D-BDA4-599DEA5BA8F8}.Release|Any CPU.Build.0 = Release|Any CPU
	EndGlobalSection
	GlobalSection(SolutionProperties) = preSolution
		HideSolutionNode = FALSE
	EndGlobalSection
	GlobalSection(ExtensibilityGlobals) = postSolution
		SolutionGuid = {173D6262-79EC-474F-8E2C-2D144EB58EE1}
	EndGlobalSection
EndGlobal
